
Microsoft Visual Studio Solution File, Format Version 12.00
Project("{2150E333-8FDC-42A3-9474-1A3956D46DE8}") = "src", "src", "{21FB4A95-9D5C-40E4-B55E-0C2705406A1E}"
EndProject
Project("{FAE04EC0-301F-11D3-BF4B-00C04F79EFBC}") = "Domain", "src\Domain\Domain.csproj", "{9041C2CF-313E-4B5D-B738-FBD1569BF975}"
EndProject
Project("{FAE04EC0-301F-11D3-BF4B-00C04F79EFBC}") = "SharedKernel", "SharedKernel\SharedKernel.csproj", "{D51764FC-4D8D-43FD-A4AD-9F99390D7981}"
EndProject
Global
	GlobalSection(SolutionConfigurationPlatforms) = preSolution
		Debug|Any CPU = Debug|Any CPU
		Release|Any CPU = Release|Any CPU
	EndGlobalSection
	GlobalSection(NestedProjects) = preSolution
		{9041C2CF-313E-4B5D-B738-FBD1569BF975} = {21FB4A95-9D5C-40E4-B55E-0C2705406A1E}
		{D51764FC-4D8D-43FD-A4AD-9F99390D7981} = {21FB4A95-9D5C-40E4-B55E-0C2705406A1E}
	EndGlobalSection
	GlobalSection(ProjectConfigurationPlatforms) = postSolution
		{9041C2CF-313E-4B5D-B738-FBD1569BF975}.Debug|Any CPU.ActiveCfg = Debug|Any CPU
		{9041C2CF-313E-4B5D-B738-FBD1569BF975}.Debug|Any CPU.Build.0 = Debug|Any CPU
		{9041C2CF-313E-4B5D-B738-FBD1569BF975}.Release|Any CPU.ActiveCfg = Release|Any CPU
		{9041C2CF-313E-4B5D-B738-FBD1569BF975}.Release|Any CPU.Build.0 = Release|Any CPU
		{D51764FC-4D8D-43FD-A4AD-9F99390D7981}.Debug|Any CPU.ActiveCfg = Debug|Any CPU
		{D51764FC-4D8D-43FD-A4AD-9F99390D7981}.Debug|Any CPU.Build.0 = Debug|Any CPU
		{D51764FC-4D8D-43FD-A4AD-9F99390D7981}.Release|Any CPU.ActiveCfg = Release|Any CPU
		{D51764FC-4D8D-43FD-A4AD-9F99390D7981}.Release|Any CPU.Build.0 = Release|Any CPU
	EndGlobalSection
EndGlobal
