
Microsoft Visual Studio Solution File, Format Version 12.00
Project("{2150E333-8FDC-42A3-9474-1A3956D46DE8}") = "src", "src", "{21FB4A95-9D5C-40E4-B55E-0C2705406A1E}"
EndProject
Project("{FAE04EC0-301F-11D3-BF4B-00C04F79EFBC}") = "Domain", "src\Domain\Domain.csproj", "{9041C2CF-313E-4B5D-B738-FBD1569BF975}"
EndProject
Project("{FAE04EC0-301F-11D3-BF4B-00C04F79EFBC}") = "SharedKernel", "src\SharedKernel\SharedKernel.csproj", "{D51764FC-4D8D-43FD-A4AD-9F99390D7981}"
EndProject
Project("{FAE04EC0-301F-11D3-BF4B-00C04F79EFBC}") = "API", "src\API\API.csproj", "{B9AEC683-6290-4FE6-9885-0224D2888430}"
EndProject
Project("{FAE04EC0-301F-11D3-BF4B-00C04F79EFBC}") = "Application", "src\Application\Application.csproj", "{05BB4C69-665E-459B-A128-63C94FC28CAC}"
EndProject
Project("{2150E333-8FDC-42A3-9474-1A3956D46DE8}") = "tests", "tests", "{7188DC1F-9D91-42C2-9AB9-D119F7BC21E1}"
EndProject
Project("{FAE04EC0-301F-11D3-BF4B-00C04F79EFBC}") = "Application.Tests", "tests\Application.Tests\Application.Tests.csproj", "{77277B9C-BB21-433B-B3DF-1235C2C22318}"
EndProject
Project("{FAE04EC0-301F-11D3-BF4B-00C04F79EFBC}") = "Infrastructure", "src\Infrastructure\Infrastructure.csproj", "{94845DB5-F968-4F04-85EB-DDBF0A036453}"
EndProject
Project("{FAE04EC0-301F-11D3-BF4B-00C04F79EFBC}") = "Infrastructure.Tests", "tests\Infrastructure.Tests\Infrastructure.Tests.csproj", "{23841EF4-F5BE-4559-8D7C-7377A53F42FC}"
EndProject
Project("{FAE04EC0-301F-11D3-BF4B-00C04F79EFBC}") = "Persistence", "src\Persistence\Persistence.csproj", "{518C890A-8622-4F96-919A-80DBBFD18754}"
EndProject
Project("{FAE04EC0-301F-11D3-BF4B-00C04F79EFBC}") = "Persistence.Tests", "tests\Persistence.Tests\Persistence.Tests.csproj", "{314C3CAF-611A-4C43-A7B9-A052F57FCA10}"
EndProject
Global
	GlobalSection(SolutionConfigurationPlatforms) = preSolution
		Debug|Any CPU = Debug|Any CPU
		Release|Any CPU = Release|Any CPU
	EndGlobalSection
	GlobalSection(NestedProjects) = preSolution
		{9041C2CF-313E-4B5D-B738-FBD1569BF975} = {21FB4A95-9D5C-40E4-B55E-0C2705406A1E}
		{D51764FC-4D8D-43FD-A4AD-9F99390D7981} = {21FB4A95-9D5C-40E4-B55E-0C2705406A1E}
		{B9AEC683-6290-4FE6-9885-0224D2888430} = {21FB4A95-9D5C-40E4-B55E-0C2705406A1E}
		{05BB4C69-665E-459B-A128-63C94FC28CAC} = {21FB4A95-9D5C-40E4-B55E-0C2705406A1E}
		{77277B9C-BB21-433B-B3DF-1235C2C22318} = {7188DC1F-9D91-42C2-9AB9-D119F7BC21E1}
		{94845DB5-F968-4F04-85EB-DDBF0A036453} = {21FB4A95-9D5C-40E4-B55E-0C2705406A1E}
		{23841EF4-F5BE-4559-8D7C-7377A53F42FC} = {7188DC1F-9D91-42C2-9AB9-D119F7BC21E1}
		{518C890A-8622-4F96-919A-80DBBFD18754} = {21FB4A95-9D5C-40E4-B55E-0C2705406A1E}
		{314C3CAF-611A-4C43-A7B9-A052F57FCA10} = {7188DC1F-9D91-42C2-9AB9-D119F7BC21E1}
	EndGlobalSection
	GlobalSection(ProjectConfigurationPlatforms) = postSolution
		{9041C2CF-313E-4B5D-B738-FBD1569BF975}.Debug|Any CPU.ActiveCfg = Debug|Any CPU
		{9041C2CF-313E-4B5D-B738-FBD1569BF975}.Debug|Any CPU.Build.0 = Debug|Any CPU
		{9041C2CF-313E-4B5D-B738-FBD1569BF975}.Release|Any CPU.ActiveCfg = Release|Any CPU
		{9041C2CF-313E-4B5D-B738-FBD1569BF975}.Release|Any CPU.Build.0 = Release|Any CPU
		{D51764FC-4D8D-43FD-A4AD-9F99390D7981}.Debug|Any CPU.ActiveCfg = Debug|Any CPU
		{D51764FC-4D8D-43FD-A4AD-9F99390D7981}.Debug|Any CPU.Build.0 = Debug|Any CPU
		{D51764FC-4D8D-43FD-A4AD-9F99390D7981}.Release|Any CPU.ActiveCfg = Release|Any CPU
		{D51764FC-4D8D-43FD-A4AD-9F99390D7981}.Release|Any CPU.Build.0 = Release|Any CPU
		{B9AEC683-6290-4FE6-9885-0224D2888430}.Debug|Any CPU.ActiveCfg = Debug|Any CPU
		{B9AEC683-6290-4FE6-9885-0224D2888430}.Debug|Any CPU.Build.0 = Debug|Any CPU
		{B9AEC683-6290-4FE6-9885-0224D2888430}.Release|Any CPU.ActiveCfg = Release|Any CPU
		{B9AEC683-6290-4FE6-9885-0224D2888430}.Release|Any CPU.Build.0 = Release|Any CPU
		{05BB4C69-665E-459B-A128-63C94FC28CAC}.Debug|Any CPU.ActiveCfg = Debug|Any CPU
		{05BB4C69-665E-459B-A128-63C94FC28CAC}.Debug|Any CPU.Build.0 = Debug|Any CPU
		{05BB4C69-665E-459B-A128-63C94FC28CAC}.Release|Any CPU.ActiveCfg = Release|Any CPU
		{05BB4C69-665E-459B-A128-63C94FC28CAC}.Release|Any CPU.Build.0 = Release|Any CPU
		{77277B9C-BB21-433B-B3DF-1235C2C22318}.Debug|Any CPU.ActiveCfg = Debug|Any CPU
		{77277B9C-BB21-433B-B3DF-1235C2C22318}.Debug|Any CPU.Build.0 = Debug|Any CPU
		{77277B9C-BB21-433B-B3DF-1235C2C22318}.Release|Any CPU.ActiveCfg = Release|Any CPU
		{77277B9C-BB21-433B-B3DF-1235C2C22318}.Release|Any CPU.Build.0 = Release|Any CPU
		{94845DB5-F968-4F04-85EB-DDBF0A036453}.Debug|Any CPU.ActiveCfg = Debug|Any CPU
		{94845DB5-F968-4F04-85EB-DDBF0A036453}.Debug|Any CPU.Build.0 = Debug|Any CPU
		{94845DB5-F968-4F04-85EB-DDBF0A036453}.Release|Any CPU.ActiveCfg = Release|Any CPU
		{94845DB5-F968-4F04-85EB-DDBF0A036453}.Release|Any CPU.Build.0 = Release|Any CPU
		{23841EF4-F5BE-4559-8D7C-7377A53F42FC}.Debug|Any CPU.ActiveCfg = Debug|Any CPU
		{23841EF4-F5BE-4559-8D7C-7377A53F42FC}.Debug|Any CPU.Build.0 = Debug|Any CPU
		{23841EF4-F5BE-4559-8D7C-7377A53F42FC}.Release|Any CPU.ActiveCfg = Release|Any CPU
		{23841EF4-F5BE-4559-8D7C-7377A53F42FC}.Release|Any CPU.Build.0 = Release|Any CPU
		{518C890A-8622-4F96-919A-80DBBFD18754}.Debug|Any CPU.ActiveCfg = Debug|Any CPU
		{518C890A-8622-4F96-919A-80DBBFD18754}.Debug|Any CPU.Build.0 = Debug|Any CPU
		{518C890A-8622-4F96-919A-80DBBFD18754}.Release|Any CPU.ActiveCfg = Release|Any CPU
		{518C890A-8622-4F96-919A-80DBBFD18754}.Release|Any CPU.Build.0 = Release|Any CPU
		{314C3CAF-611A-4C43-A7B9-A052F57FCA10}.Debug|Any CPU.ActiveCfg = Debug|Any CPU
		{314C3CAF-611A-4C43-A7B9-A052F57FCA10}.Debug|Any CPU.Build.0 = Debug|Any CPU
		{314C3CAF-611A-4C43-A7B9-A052F57FCA10}.Release|Any CPU.ActiveCfg = Release|Any CPU
		{314C3CAF-611A-4C43-A7B9-A052F57FCA10}.Release|Any CPU.Build.0 = Release|Any CPU
	EndGlobalSection
EndGlobal
